
Microsoft Visual Studio Solution File, Format Version 12.00
# Visual Studio Version 16
VisualStudioVersion = 16.0.29318.209
MinimumVisualStudioVersion = 10.0.40219.1
Project("{FAE04EC0-301F-11D3-BF4B-00C04F79EFBC}") = "PfSenseControl", "PfSenseControl\PfSenseControl.csproj", "{8D8C9F0F-E495-4AA6-BB6C-7C98B6D3D517}"
EndProject
Project("{FAE04EC0-301F-11D3-BF4B-00C04F79EFBC}") = "PfSenseControl.Console", "PfSenseControl.Console\PfSenseControl.Console.csproj", "{1898C0AD-57B9-4871-84FA-AE1221AD4D48}"
EndProject
Global
	GlobalSection(SolutionConfigurationPlatforms) = preSolution
		Debug|Any CPU = Debug|Any CPU
		Release|Any CPU = Release|Any CPU
	EndGlobalSection
	GlobalSection(ProjectConfigurationPlatforms) = postSolution
		{8D8C9F0F-E495-4AA6-BB6C-7C98B6D3D517}.Debug|Any CPU.ActiveCfg = Debug|Any CPU
		{8D8C9F0F-E495-4AA6-BB6C-7C98B6D3D517}.Debug|Any CPU.Build.0 = Debug|Any CPU
		{8D8C9F0F-E495-4AA6-BB6C-7C98B6D3D517}.Release|Any CPU.ActiveCfg = Release|Any CPU
		{8D8C9F0F-E495-4AA6-BB6C-7C98B6D3D517}.Release|Any CPU.Build.0 = Release|Any CPU
		{1898C0AD-57B9-4871-84FA-AE1221AD4D48}.Debug|Any CPU.ActiveCfg = Debug|Any CPU
		{1898C0AD-57B9-4871-84FA-AE1221AD4D48}.Debug|Any CPU.Build.0 = Debug|Any CPU
		{1898C0AD-57B9-4871-84FA-AE1221AD4D48}.Release|Any CPU.ActiveCfg = Release|Any CPU
		{1898C0AD-57B9-4871-84FA-AE1221AD4D48}.Release|Any CPU.Build.0 = Release|Any CPU
	EndGlobalSection
	GlobalSection(SolutionProperties) = preSolution
		HideSolutionNode = FALSE
	EndGlobalSection
	GlobalSection(ExtensibilityGlobals) = postSolution
		SolutionGuid = {0FC21314-041F-43B8-964A-CF9D389DAA2A}
	EndGlobalSection
EndGlobal
